
Microsoft Visual Studio Solution File, Format Version 12.00
# Visual Studio Version 17
VisualStudioVersion = 17.9.34728.123
MinimumVisualStudioVersion = 10.0.40219.1
Project("{FAE04EC0-301F-11D3-BF4B-00C04F79EFBC}") = "MyProjectManagerApp", "MyProjectManagerApp\MyProjectManagerApp.csproj", "{22BB9E46-FAAA-44A3-8075-9A8BA7880FF4}"
EndProject
Global
	GlobalSection(SolutionConfigurationPlatforms) = preSolution
		Debug|Any CPU = Debug|Any CPU
		Release|Any CPU = Release|Any CPU
	EndGlobalSection
	GlobalSection(ProjectConfigurationPlatforms) = postSolution
		{22BB9E46-FAAA-44A3-8075-9A8BA7880FF4}.Debug|Any CPU.ActiveCfg = Debug|Any CPU
		{22BB9E46-FAAA-44A3-8075-9A8BA7880FF4}.Debug|Any CPU.Build.0 = Debug|Any CPU
		{22BB9E46-FAAA-44A3-8075-9A8BA7880FF4}.Release|Any CPU.ActiveCfg = Release|Any CPU
		{22BB9E46-FAAA-44A3-8075-9A8BA7880FF4}.Release|Any CPU.Build.0 = Release|Any CPU
	EndGlobalSection
	GlobalSection(SolutionProperties) = preSolution
		HideSolutionNode = FALSE
	EndGlobalSection
	GlobalSection(ExtensibilityGlobals) = postSolution
		SolutionGuid = {902E64D4-9B1F-4444-BF8B-5ABAC205D1DD}
	EndGlobalSection
EndGlobal
